
Microsoft Visual Studio Solution File, Format Version 12.00
# Visual Studio 2013
Project("{FAE04EC0-301F-11D3-BF4B-00C04F79EFBC}") = "UnityVS.TestAttributeMap.CSharp", "UnityVS.TestAttributeMap.CSharp.csproj", "{EEF99DC1-48AF-1227-6AC4-4A5B2BD95FA3}"
EndProject
Project("{FAE04EC0-301F-11D3-BF4B-00C04F79EFBC}") = "UnityVS.TestAttributeMap.CSharp.Editor", "UnityVS.TestAttributeMap.CSharp.Editor.csproj", "{248B5928-D895-769C-619F-EF068B60901D}"
EndProject
Global
	GlobalSection(SolutionConfigurationPlatforms) = preSolution
		Debug|Any CPU = Debug|Any CPU
		Release|Any CPU = Release|Any CPU
	EndGlobalSection
	GlobalSection(ProjectConfigurationPlatforms) = postSolution
		{EEF99DC1-48AF-1227-6AC4-4A5B2BD95FA3}.Debug|Any CPU.ActiveCfg = Debug|Any CPU
		{EEF99DC1-48AF-1227-6AC4-4A5B2BD95FA3}.Debug|Any CPU.Build.0 = Debug|Any CPU
		{EEF99DC1-48AF-1227-6AC4-4A5B2BD95FA3}.Release|Any CPU.ActiveCfg = Release|Any CPU
		{EEF99DC1-48AF-1227-6AC4-4A5B2BD95FA3}.Release|Any CPU.Build.0 = Release|Any CPU
		{248B5928-D895-769C-619F-EF068B60901D}.Debug|Any CPU.ActiveCfg = Debug|Any CPU
		{248B5928-D895-769C-619F-EF068B60901D}.Debug|Any CPU.Build.0 = Debug|Any CPU
		{248B5928-D895-769C-619F-EF068B60901D}.Release|Any CPU.ActiveCfg = Release|Any CPU
		{248B5928-D895-769C-619F-EF068B60901D}.Release|Any CPU.Build.0 = Release|Any CPU
	EndGlobalSection
	GlobalSection(SolutionProperties) = preSolution
		HideSolutionNode = FALSE
	EndGlobalSection
EndGlobal
